// !$*UTF8*$!
{
	archiveVersion = 1;
	classes = {
	};
	objectVersion = 55;
	objects = {

/* Begin PBXBuildFile section */
		253D715E28573D2F00268840 /* CircleImage.swift in Sources */ = {isa = PBXBuildFile; fileRef = 253D715D28573D2F00268840 /* CircleImage.swift */; };
		253D7160285747A200268840 /* MapView.swift in Sources */ = {isa = PBXBuildFile; fileRef = 253D715F285747A200268840 /* MapView.swift */; };
		253D71622857534000268840 /* landmarkData.json in Resources */ = {isa = PBXBuildFile; fileRef = 253D71612857534000268840 /* landmarkData.json */; };
		253D7164285755CE00268840 /* Landmark.swift in Sources */ = {isa = PBXBuildFile; fileRef = 253D7163285755CE00268840 /* Landmark.swift */; };
		253D71662857572400268840 /* ModelData.swift in Sources */ = {isa = PBXBuildFile; fileRef = 253D71652857572400268840 /* ModelData.swift */; };
		253D716B28575FA800268840 /* LandmarkRow.swift in Sources */ = {isa = PBXBuildFile; fileRef = 253D716A28575FA800268840 /* LandmarkRow.swift */; };
		253D716D2857742800268840 /* LandmarkList.swift in Sources */ = {isa = PBXBuildFile; fileRef = 253D716C2857742800268840 /* LandmarkList.swift */; };
		253D716F2857870700268840 /* LandmarkDetail.swift in Sources */ = {isa = PBXBuildFile; fileRef = 253D716E2857870700268840 /* LandmarkDetail.swift */; };
		253D717128581EFD00268840 /* FavoriteButton.swift in Sources */ = {isa = PBXBuildFile; fileRef = 253D717028581EFD00268840 /* FavoriteButton.swift */; };
		253D717428584A6F00268840 /* CategoryHome.swift in Sources */ = {isa = PBXBuildFile; fileRef = 253D717328584A6F00268840 /* CategoryHome.swift */; };
		253D717628584F6700268840 /* CategoryRow.swift in Sources */ = {isa = PBXBuildFile; fileRef = 253D717528584F6700268840 /* CategoryRow.swift */; };
		253D717828584FCD00268840 /* CategoryItem.swift in Sources */ = {isa = PBXBuildFile; fileRef = 253D717728584FCD00268840 /* CategoryItem.swift */; };
		2580D82B2855DE1C00E6D912 /* landmarksApp.swift in Sources */ = {isa = PBXBuildFile; fileRef = 2580D82A2855DE1C00E6D912 /* landmarksApp.swift */; };
		2580D82F2855DE1F00E6D912 /* Assets.xcassets in Resources */ = {isa = PBXBuildFile; fileRef = 2580D82E2855DE1F00E6D912 /* Assets.xcassets */; };
		2580D8322855DE1F00E6D912 /* Preview Assets.xcassets in Resources */ = {isa = PBXBuildFile; fileRef = 2580D8312855DE1F00E6D912 /* Preview Assets.xcassets */; };
		2580D83C2855DE1F00E6D912 /* landmarksTests.swift in Sources */ = {isa = PBXBuildFile; fileRef = 2580D83B2855DE1F00E6D912 /* landmarksTests.swift */; };
		2580D8462855DE1F00E6D912 /* landmarksUITests.swift in Sources */ = {isa = PBXBuildFile; fileRef = 2580D8452855DE1F00E6D912 /* landmarksUITests.swift */; };
		2580D8482855DE1F00E6D912 /* landmarksUITestsLaunchTests.swift in Sources */ = {isa = PBXBuildFile; fileRef = 2580D8472855DE1F00E6D912 /* landmarksUITestsLaunchTests.swift */; };
		25B85458285A0F52000559AB /* ContentViewBak.swift in Sources */ = {isa = PBXBuildFile; fileRef = 25B85457285A0F52000559AB /* ContentViewBak.swift */; };
		25B8545A285ABF65000559AB /* ContentView.swift in Sources */ = {isa = PBXBuildFile; fileRef = 25B85459285ABF65000559AB /* ContentView.swift */; };
		25B8545C285AE666000559AB /* WeSplit.swift in Sources */ = {isa = PBXBuildFile; fileRef = 25B8545B285AE666000559AB /* WeSplit.swift */; };
		6D6D2B96055D797A63ED19B8 /* FlagView.swift in Sources */ = {isa = PBXBuildFile; fileRef = 6D6D287129583BDF70C96106 /* FlagView.swift */; };
/* End PBXBuildFile section */

/* Begin PBXContainerItemProxy section */
		2580D8382855DE1F00E6D912 /* PBXContainerItemProxy */ = {
			isa = PBXContainerItemProxy;
			containerPortal = 2580D81F2855DE1C00E6D912 /* Project object */;
			proxyType = 1;
			remoteGlobalIDString = 2580D8262855DE1C00E6D912;
			remoteInfo = landmarks;
		};
		2580D8422855DE1F00E6D912 /* PBXContainerItemProxy */ = {
			isa = PBXContainerItemProxy;
			containerPortal = 2580D81F2855DE1C00E6D912 /* Project object */;
			proxyType = 1;
			remoteGlobalIDString = 2580D8262855DE1C00E6D912;
			remoteInfo = landmarks;
		};
/* End PBXContainerItemProxy section */

/* Begin PBXFileReference section */
		253D715D28573D2F00268840 /* CircleImage.swift */ = {isa = PBXFileReference; lastKnownFileType = sourcecode.swift; path = CircleImage.swift; sourceTree = "<group>"; };
		253D715F285747A200268840 /* MapView.swift */ = {isa = PBXFileReference; lastKnownFileType = sourcecode.swift; path = MapView.swift; sourceTree = "<group>"; };
		253D71612857534000268840 /* landmarkData.json */ = {isa = PBXFileReference; fileEncoding = 4; lastKnownFileType = text.json; path = landmarkData.json; sourceTree = "<group>"; };
		253D7163285755CE00268840 /* Landmark.swift */ = {isa = PBXFileReference; lastKnownFileType = sourcecode.swift; path = Landmark.swift; sourceTree = "<group>"; };
		253D71652857572400268840 /* ModelData.swift */ = {isa = PBXFileReference; lastKnownFileType = sourcecode.swift; path = ModelData.swift; sourceTree = "<group>"; };
		253D716A28575FA800268840 /* LandmarkRow.swift */ = {isa = PBXFileReference; lastKnownFileType = sourcecode.swift; path = LandmarkRow.swift; sourceTree = "<group>"; };
		253D716C2857742800268840 /* LandmarkList.swift */ = {isa = PBXFileReference; lastKnownFileType = sourcecode.swift; path = LandmarkList.swift; sourceTree = "<group>"; };
		253D716E2857870700268840 /* LandmarkDetail.swift */ = {isa = PBXFileReference; lastKnownFileType = sourcecode.swift; path = LandmarkDetail.swift; sourceTree = "<group>"; };
		253D717028581EFD00268840 /* FavoriteButton.swift */ = {isa = PBXFileReference; lastKnownFileType = sourcecode.swift; path = FavoriteButton.swift; sourceTree = "<group>"; };
		253D717328584A6F00268840 /* CategoryHome.swift */ = {isa = PBXFileReference; lastKnownFileType = sourcecode.swift; path = CategoryHome.swift; sourceTree = "<group>"; };
		253D717528584F6700268840 /* CategoryRow.swift */ = {isa = PBXFileReference; lastKnownFileType = sourcecode.swift; path = CategoryRow.swift; sourceTree = "<group>"; };
		253D717728584FCD00268840 /* CategoryItem.swift */ = {isa = PBXFileReference; lastKnownFileType = sourcecode.swift; path = CategoryItem.swift; sourceTree = "<group>"; };
		2580D8272855DE1C00E6D912 /* landmarks.app */ = {isa = PBXFileReference; explicitFileType = wrapper.application; includeInIndex = 0; path = landmarks.app; sourceTree = BUILT_PRODUCTS_DIR; };
		2580D82A2855DE1C00E6D912 /* landmarksApp.swift */ = {isa = PBXFileReference; lastKnownFileType = sourcecode.swift; path = landmarksApp.swift; sourceTree = "<group>"; };
		2580D82E2855DE1F00E6D912 /* Assets.xcassets */ = {isa = PBXFileReference; lastKnownFileType = folder.assetcatalog; path = Assets.xcassets; sourceTree = "<group>"; };
		2580D8312855DE1F00E6D912 /* Preview Assets.xcassets */ = {isa = PBXFileReference; lastKnownFileType = folder.assetcatalog; path = "Preview Assets.xcassets"; sourceTree = "<group>"; };
		2580D8372855DE1F00E6D912 /* landmarksTests.xctest */ = {isa = PBXFileReference; explicitFileType = wrapper.cfbundle; includeInIndex = 0; path = landmarksTests.xctest; sourceTree = BUILT_PRODUCTS_DIR; };
		2580D83B2855DE1F00E6D912 /* landmarksTests.swift */ = {isa = PBXFileReference; lastKnownFileType = sourcecode.swift; path = landmarksTests.swift; sourceTree = "<group>"; };
		2580D8412855DE1F00E6D912 /* landmarksUITests.xctest */ = {isa = PBXFileReference; explicitFileType = wrapper.cfbundle; includeInIndex = 0; path = landmarksUITests.xctest; sourceTree = BUILT_PRODUCTS_DIR; };
		2580D8452855DE1F00E6D912 /* landmarksUITests.swift */ = {isa = PBXFileReference; lastKnownFileType = sourcecode.swift; path = landmarksUITests.swift; sourceTree = "<group>"; };
		2580D8472855DE1F00E6D912 /* landmarksUITestsLaunchTests.swift */ = {isa = PBXFileReference; lastKnownFileType = sourcecode.swift; path = landmarksUITestsLaunchTests.swift; sourceTree = "<group>"; };
		25B854542858A752000559AB /* MyPlayground.playground */ = {isa = PBXFileReference; lastKnownFileType = file.playground; path = MyPlayground.playground; sourceTree = "<group>"; xcLanguageSpecificationIdentifier = xcode.lang.swift; };
		25B85457285A0F52000559AB /* ContentViewBak.swift */ = {isa = PBXFileReference; lastKnownFileType = sourcecode.swift; path = ContentViewBak.swift; sourceTree = "<group>"; };
		25B85459285ABF65000559AB /* ContentView.swift */ = {isa = PBXFileReference; fileEncoding = 4; lastKnownFileType = sourcecode.swift; path = ContentView.swift; sourceTree = "<group>"; };
		25B8545B285AE666000559AB /* WeSplit.swift */ = {isa = PBXFileReference; lastKnownFileType = sourcecode.swift; path = WeSplit.swift; sourceTree = "<group>"; };
		6D6D287129583BDF70C96106 /* FlagView.swift */ = {isa = PBXFileReference; fileEncoding = 4; lastKnownFileType = sourcecode.swift; path = FlagView.swift; sourceTree = "<group>"; };
/* End PBXFileReference section */

/* Begin PBXFrameworksBuildPhase section */
		2580D8242855DE1C00E6D912 /* Frameworks */ = {
			isa = PBXFrameworksBuildPhase;
			buildActionMask = 2147483647;
			files = (
			);
			runOnlyForDeploymentPostprocessing = 0;
		};
		2580D8342855DE1F00E6D912 /* Frameworks */ = {
			isa = PBXFrameworksBuildPhase;
			buildActionMask = 2147483647;
			files = (
			);
			runOnlyForDeploymentPostprocessing = 0;
		};
		2580D83E2855DE1F00E6D912 /* Frameworks */ = {
			isa = PBXFrameworksBuildPhase;
			buildActionMask = 2147483647;
			files = (
			);
			runOnlyForDeploymentPostprocessing = 0;
		};
/* End PBXFrameworksBuildPhase section */

/* Begin PBXGroup section */
		253D71672857577E00268840 /* Resources */ = {
			isa = PBXGroup;
			children = (
				253D71612857534000268840 /* landmarkData.json */,
			);
			path = Resources;
			sourceTree = "<group>";
		};
		253D71682857579F00268840 /* Views */ = {
			isa = PBXGroup;
			children = (
				25B85459285ABF65000559AB /* ContentView.swift */,
				253D716A28575FA800268840 /* LandmarkRow.swift */,
				253D716C2857742800268840 /* LandmarkList.swift */,
				253D716E2857870700268840 /* LandmarkDetail.swift */,
				253D717328584A6F00268840 /* CategoryHome.swift */,
				253D717528584F6700268840 /* CategoryRow.swift */,
				253D717728584FCD00268840 /* CategoryItem.swift */,
				25B85457285A0F52000559AB /* ContentViewBak.swift */,
				25B8545B285AE666000559AB /* WeSplit.swift */,
				6D6D287129583BDF70C96106 /* FlagView.swift */,
			);
			path = Views;
			sourceTree = "<group>";
		};
		253D71692857582100268840 /* Model */ = {
			isa = PBXGroup;
			children = (
				253D7163285755CE00268840 /* Landmark.swift */,
				253D71652857572400268840 /* ModelData.swift */,
			);
			path = Model;
			sourceTree = "<group>";
		};
		253D71722858217000268840 /* Helpers */ = {
			isa = PBXGroup;
			children = (
				253D715D28573D2F00268840 /* CircleImage.swift */,
				253D715F285747A200268840 /* MapView.swift */,
				253D717028581EFD00268840 /* FavoriteButton.swift */,
			);
			path = Helpers;
			sourceTree = "<group>";
		};
		2580D81E2855DE1C00E6D912 = {
			isa = PBXGroup;
			children = (
				2580D8292855DE1C00E6D912 /* landmarks */,
				2580D83A2855DE1F00E6D912 /* landmarksTests */,
				2580D8442855DE1F00E6D912 /* landmarksUITests */,
				2580D8282855DE1C00E6D912 /* Products */,
			);
			sourceTree = "<group>";
		};
		2580D8282855DE1C00E6D912 /* Products */ = {
			isa = PBXGroup;
			children = (
				2580D8272855DE1C00E6D912 /* landmarks.app */,
				2580D8372855DE1F00E6D912 /* landmarksTests.xctest */,
				2580D8412855DE1F00E6D912 /* landmarksUITests.xctest */,
			);
			name = Products;
			sourceTree = "<group>";
		};
		2580D8292855DE1C00E6D912 /* landmarks */ = {
			isa = PBXGroup;
			children = (
				253D71722858217000268840 /* Helpers */,
				253D71692857582100268840 /* Model */,
				253D71682857579F00268840 /* Views */,
				253D71672857577E00268840 /* Resources */,
				2580D82A2855DE1C00E6D912 /* landmarksApp.swift */,
				2580D82E2855DE1F00E6D912 /* Assets.xcassets */,
				2580D8302855DE1F00E6D912 /* Preview Content */,
				25B854542858A752000559AB /* MyPlayground.playground */,
			);
			path = landmarks;
			sourceTree = "<group>";
		};
		2580D8302855DE1F00E6D912 /* Preview Content */ = {
			isa = PBXGroup;
			children = (
				2580D8312855DE1F00E6D912 /* Preview Assets.xcassets */,
			);
			path = "Preview Content";
			sourceTree = "<group>";
		};
		2580D83A2855DE1F00E6D912 /* landmarksTests */ = {
			isa = PBXGroup;
			children = (
				2580D83B2855DE1F00E6D912 /* landmarksTests.swift */,
			);
			path = landmarksTests;
			sourceTree = "<group>";
		};
		2580D8442855DE1F00E6D912 /* landmarksUITests */ = {
			isa = PBXGroup;
			children = (
				2580D8452855DE1F00E6D912 /* landmarksUITests.swift */,
				2580D8472855DE1F00E6D912 /* landmarksUITestsLaunchTests.swift */,
			);
			path = landmarksUITests;
			sourceTree = "<group>";
		};
/* End PBXGroup section */

/* Begin PBXNativeTarget section */
		2580D8262855DE1C00E6D912 /* landmarks */ = {
			isa = PBXNativeTarget;
			buildConfigurationList = 2580D84B2855DE1F00E6D912 /* Build configuration list for PBXNativeTarget "landmarks" */;
			buildPhases = (
				2580D8232855DE1C00E6D912 /* Sources */,
				2580D8242855DE1C00E6D912 /* Frameworks */,
				2580D8252855DE1C00E6D912 /* Resources */,
			);
			buildRules = (
			);
			dependencies = (
			);
			name = landmarks;
			productName = landmarks;
			productReference = 2580D8272855DE1C00E6D912 /* landmarks.app */;
			productType = "com.apple.product-type.application";
		};
		2580D8362855DE1F00E6D912 /* landmarksTests */ = {
			isa = PBXNativeTarget;
			buildConfigurationList = 2580D84E2855DE1F00E6D912 /* Build configuration list for PBXNativeTarget "landmarksTests" */;
			buildPhases = (
				2580D8332855DE1F00E6D912 /* Sources */,
				2580D8342855DE1F00E6D912 /* Frameworks */,
				2580D8352855DE1F00E6D912 /* Resources */,
			);
			buildRules = (
			);
			dependencies = (
				2580D8392855DE1F00E6D912 /* PBXTargetDependency */,
			);
			name = landmarksTests;
			productName = landmarksTests;
			productReference = 2580D8372855DE1F00E6D912 /* landmarksTests.xctest */;
			productType = "com.apple.product-type.bundle.unit-test";
		};
		2580D8402855DE1F00E6D912 /* landmarksUITests */ = {
			isa = PBXNativeTarget;
			buildConfigurationList = 2580D8512855DE1F00E6D912 /* Build configuration list for PBXNativeTarget "landmarksUITests" */;
			buildPhases = (
				2580D83D2855DE1F00E6D912 /* Sources */,
				2580D83E2855DE1F00E6D912 /* Frameworks */,
				2580D83F2855DE1F00E6D912 /* Resources */,
			);
			buildRules = (
			);
			dependencies = (
				2580D8432855DE1F00E6D912 /* PBXTargetDependency */,
			);
			name = landmarksUITests;
			productName = landmarksUITests;
			productReference = 2580D8412855DE1F00E6D912 /* landmarksUITests.xctest */;
			productType = "com.apple.product-type.bundle.ui-testing";
		};
/* End PBXNativeTarget section */

/* Begin PBXProject section */
		2580D81F2855DE1C00E6D912 /* Project object */ = {
			isa = PBXProject;
			attributes = {
				BuildIndependentTargetsInParallel = 1;
				LastSwiftUpdateCheck = 1340;
				LastUpgradeCheck = 1340;
				TargetAttributes = {
					2580D8262855DE1C00E6D912 = {
						CreatedOnToolsVersion = 13.4.1;
					};
					2580D8362855DE1F00E6D912 = {
						CreatedOnToolsVersion = 13.4.1;
						TestTargetID = 2580D8262855DE1C00E6D912;
					};
					2580D8402855DE1F00E6D912 = {
						CreatedOnToolsVersion = 13.4.1;
						TestTargetID = 2580D8262855DE1C00E6D912;
					};
				};
			};
			buildConfigurationList = 2580D8222855DE1C00E6D912 /* Build configuration list for PBXProject "landmarks" */;
			compatibilityVersion = "Xcode 13.0";
			developmentRegion = en;
			hasScannedForEncodings = 0;
			knownRegions = (
				en,
				Base,
			);
			mainGroup = 2580D81E2855DE1C00E6D912;
			productRefGroup = 2580D8282855DE1C00E6D912 /* Products */;
			projectDirPath = "";
			projectRoot = "";
			targets = (
				2580D8262855DE1C00E6D912 /* landmarks */,
				2580D8362855DE1F00E6D912 /* landmarksTests */,
				2580D8402855DE1F00E6D912 /* landmarksUITests */,
			);
		};
/* End PBXProject section */

/* Begin PBXResourcesBuildPhase section */
		2580D8252855DE1C00E6D912 /* Resources */ = {
			isa = PBXResourcesBuildPhase;
			buildActionMask = 2147483647;
			files = (
				2580D8322855DE1F00E6D912 /* Preview Assets.xcassets in Resources */,
				2580D82F2855DE1F00E6D912 /* Assets.xcassets in Resources */,
				253D71622857534000268840 /* landmarkData.json in Resources */,
			);
			runOnlyForDeploymentPostprocessing = 0;
		};
		2580D8352855DE1F00E6D912 /* Resources */ = {
			isa = PBXResourcesBuildPhase;
			buildActionMask = 2147483647;
			files = (
			);
			runOnlyForDeploymentPostprocessing = 0;
		};
		2580D83F2855DE1F00E6D912 /* Resources */ = {
			isa = PBXResourcesBuildPhase;
			buildActionMask = 2147483647;
			files = (
			);
			runOnlyForDeploymentPostprocessing = 0;
		};
/* End PBXResourcesBuildPhase section */

/* Begin PBXSourcesBuildPhase section */
		2580D8232855DE1C00E6D912 /* Sources */ = {
			isa = PBXSourcesBuildPhase;
			buildActionMask = 2147483647;
			files = (
				253D7160285747A200268840 /* MapView.swift in Sources */,
				2580D82B2855DE1C00E6D912 /* landmarksApp.swift in Sources */,
				25B8545A285ABF65000559AB /* ContentView.swift in Sources */,
				253D717128581EFD00268840 /* FavoriteButton.swift in Sources */,
				253D717428584A6F00268840 /* CategoryHome.swift in Sources */,
				253D716D2857742800268840 /* LandmarkList.swift in Sources */,
				253D716F2857870700268840 /* LandmarkDetail.swift in Sources */,
				25B8545C285AE666000559AB /* WeSplit.swift in Sources */,
				253D715E28573D2F00268840 /* CircleImage.swift in Sources */,
				253D717828584FCD00268840 /* CategoryItem.swift in Sources */,
				253D7164285755CE00268840 /* Landmark.swift in Sources */,
				253D716B28575FA800268840 /* LandmarkRow.swift in Sources */,
				253D717628584F6700268840 /* CategoryRow.swift in Sources */,
				253D71662857572400268840 /* ModelData.swift in Sources */,
				25B85458285A0F52000559AB /* ContentViewBak.swift in Sources */,
				6D6D2B96055D797A63ED19B8 /* FlagView.swift in Sources */,
			);
			runOnlyForDeploymentPostprocessing = 0;
		};
		2580D8332855DE1F00E6D912 /* Sources */ = {
			isa = PBXSourcesBuildPhase;
			buildActionMask = 2147483647;
			files = (
				2580D83C2855DE1F00E6D912 /* landmarksTests.swift in Sources */,
			);
			runOnlyForDeploymentPostprocessing = 0;
		};
		2580D83D2855DE1F00E6D912 /* Sources */ = {
			isa = PBXSourcesBuildPhase;
			buildActionMask = 2147483647;
			files = (
				2580D8482855DE1F00E6D912 /* landmarksUITestsLaunchTests.swift in Sources */,
				2580D8462855DE1F00E6D912 /* landmarksUITests.swift in Sources */,
			);
			runOnlyForDeploymentPostprocessing = 0;
		};
/* End PBXSourcesBuildPhase section */

/* Begin PBXTargetDependency section */
		2580D8392855DE1F00E6D912 /* PBXTargetDependency */ = {
			isa = PBXTargetDependency;
			target = 2580D8262855DE1C00E6D912 /* landmarks */;
			targetProxy = 2580D8382855DE1F00E6D912 /* PBXContainerItemProxy */;
		};
		2580D8432855DE1F00E6D912 /* PBXTargetDependency */ = {
			isa = PBXTargetDependency;
			target = 2580D8262855DE1C00E6D912 /* landmarks */;
			targetProxy = 2580D8422855DE1F00E6D912 /* PBXContainerItemProxy */;
		};
/* End PBXTargetDependency section */

/* Begin XCBuildConfiguration section */
		2580D8492855DE1F00E6D912 /* Debug */ = {
			isa = XCBuildConfiguration;
			buildSettings = {
				ALWAYS_SEARCH_USER_PATHS = NO;
				CLANG_ANALYZER_NONNULL = YES;
				CLANG_ANALYZER_NUMBER_OBJECT_CONVERSION = YES_AGGRESSIVE;
				CLANG_CXX_LANGUAGE_STANDARD = "gnu++17";
				CLANG_ENABLE_MODULES = YES;
				CLANG_ENABLE_OBJC_ARC = YES;
				CLANG_ENABLE_OBJC_WEAK = YES;
				CLANG_WARN_BLOCK_CAPTURE_AUTORELEASING = YES;
				CLANG_WARN_BOOL_CONVERSION = YES;
				CLANG_WARN_COMMA = YES;
				CLANG_WARN_CONSTANT_CONVERSION = YES;
				CLANG_WARN_DEPRECATED_OBJC_IMPLEMENTATIONS = YES;
				CLANG_WARN_DIRECT_OBJC_ISA_USAGE = YES_ERROR;
				CLANG_WARN_DOCUMENTATION_COMMENTS = YES;
				CLANG_WARN_EMPTY_BODY = YES;
				CLANG_WARN_ENUM_CONVERSION = YES;
				CLANG_WARN_INFINITE_RECURSION = YES;
				CLANG_WARN_INT_CONVERSION = YES;
				CLANG_WARN_NON_LITERAL_NULL_CONVERSION = YES;
				CLANG_WARN_OBJC_IMPLICIT_RETAIN_SELF = YES;
				CLANG_WARN_OBJC_LITERAL_CONVERSION = YES;
				CLANG_WARN_OBJC_ROOT_CLASS = YES_ERROR;
				CLANG_WARN_QUOTED_INCLUDE_IN_FRAMEWORK_HEADER = YES;
				CLANG_WARN_RANGE_LOOP_ANALYSIS = YES;
				CLANG_WARN_STRICT_PROTOTYPES = YES;
				CLANG_WARN_SUSPICIOUS_MOVE = YES;
				CLANG_WARN_UNGUARDED_AVAILABILITY = YES_AGGRESSIVE;
				CLANG_WARN_UNREACHABLE_CODE = YES;
				CLANG_WARN__DUPLICATE_METHOD_MATCH = YES;
				COPY_PHASE_STRIP = NO;
				DEBUG_INFORMATION_FORMAT = dwarf;
				ENABLE_STRICT_OBJC_MSGSEND = YES;
				ENABLE_TESTABILITY = YES;
				GCC_C_LANGUAGE_STANDARD = gnu11;
				GCC_DYNAMIC_NO_PIC = NO;
				GCC_NO_COMMON_BLOCKS = YES;
				GCC_OPTIMIZATION_LEVEL = 0;
				GCC_PREPROCESSOR_DEFINITIONS = (
					"DEBUG=1",
					"$(inherited)",
				);
				GCC_WARN_64_TO_32_BIT_CONVERSION = YES;
				GCC_WARN_ABOUT_RETURN_TYPE = YES_ERROR;
				GCC_WARN_UNDECLARED_SELECTOR = YES;
				GCC_WARN_UNINITIALIZED_AUTOS = YES_AGGRESSIVE;
				GCC_WARN_UNUSED_FUNCTION = YES;
				GCC_WARN_UNUSED_VARIABLE = YES;
				IPHONEOS_DEPLOYMENT_TARGET = 15.5;
				MTL_ENABLE_DEBUG_INFO = INCLUDE_SOURCE;
				MTL_FAST_MATH = YES;
				ONLY_ACTIVE_ARCH = YES;
				SDKROOT = iphoneos;
				SWIFT_ACTIVE_COMPILATION_CONDITIONS = DEBUG;
				SWIFT_OPTIMIZATION_LEVEL = "-Onone";
			};
			name = Debug;
		};
		2580D84A2855DE1F00E6D912 /* Release */ = {
			isa = XCBuildConfiguration;
			buildSettings = {
				ALWAYS_SEARCH_USER_PATHS = NO;
				CLANG_ANALYZER_NONNULL = YES;
				CLANG_ANALYZER_NUMBER_OBJECT_CONVERSION = YES_AGGRESSIVE;
				CLANG_CXX_LANGUAGE_STANDARD = "gnu++17";
				CLANG_ENABLE_MODULES = YES;
				CLANG_ENABLE_OBJC_ARC = YES;
				CLANG_ENABLE_OBJC_WEAK = YES;
				CLANG_WARN_BLOCK_CAPTURE_AUTORELEASING = YES;
				CLANG_WARN_BOOL_CONVERSION = YES;
				CLANG_WARN_COMMA = YES;
				CLANG_WARN_CONSTANT_CONVERSION = YES;
				CLANG_WARN_DEPRECATED_OBJC_IMPLEMENTATIONS = YES;
				CLANG_WARN_DIRECT_OBJC_ISA_USAGE = YES_ERROR;
				CLANG_WARN_DOCUMENTATION_COMMENTS = YES;
				CLANG_WARN_EMPTY_BODY = YES;
				CLANG_WARN_ENUM_CONVERSION = YES;
				CLANG_WARN_INFINITE_RECURSION = YES;
				CLANG_WARN_INT_CONVERSION = YES;
				CLANG_WARN_NON_LITERAL_NULL_CONVERSION = YES;
				CLANG_WARN_OBJC_IMPLICIT_RETAIN_SELF = YES;
				CLANG_WARN_OBJC_LITERAL_CONVERSION = YES;
				CLANG_WARN_OBJC_ROOT_CLASS = YES_ERROR;
				CLANG_WARN_QUOTED_INCLUDE_IN_FRAMEWORK_HEADER = YES;
				CLANG_WARN_RANGE_LOOP_ANALYSIS = YES;
				CLANG_WARN_STRICT_PROTOTYPES = YES;
				CLANG_WARN_SUSPICIOUS_MOVE = YES;
				CLANG_WARN_UNGUARDED_AVAILABILITY = YES_AGGRESSIVE;
				CLANG_WARN_UNREACHABLE_CODE = YES;
				CLANG_WARN__DUPLICATE_METHOD_MATCH = YES;
				COPY_PHASE_STRIP = NO;
				DEBUG_INFORMATION_FORMAT = "dwarf-with-dsym";
				ENABLE_NS_ASSERTIONS = NO;
				ENABLE_STRICT_OBJC_MSGSEND = YES;
				GCC_C_LANGUAGE_STANDARD = gnu11;
				GCC_NO_COMMON_BLOCKS = YES;
				GCC_WARN_64_TO_32_BIT_CONVERSION = YES;
				GCC_WARN_ABOUT_RETURN_TYPE = YES_ERROR;
				GCC_WARN_UNDECLARED_SELECTOR = YES;
				GCC_WARN_UNINITIALIZED_AUTOS = YES_AGGRESSIVE;
				GCC_WARN_UNUSED_FUNCTION = YES;
				GCC_WARN_UNUSED_VARIABLE = YES;
				IPHONEOS_DEPLOYMENT_TARGET = 15.5;
				MTL_ENABLE_DEBUG_INFO = NO;
				MTL_FAST_MATH = YES;
				SDKROOT = iphoneos;
				SWIFT_COMPILATION_MODE = wholemodule;
				SWIFT_OPTIMIZATION_LEVEL = "-O";
				VALIDATE_PRODUCT = YES;
			};
			name = Release;
		};
		2580D84C2855DE1F00E6D912 /* Debug */ = {
			isa = XCBuildConfiguration;
			buildSettings = {
				ASSETCATALOG_COMPILER_APPICON_NAME = AppIcon;
				ASSETCATALOG_COMPILER_GLOBAL_ACCENT_COLOR_NAME = AccentColor;
				CODE_SIGN_STYLE = Automatic;
				CURRENT_PROJECT_VERSION = 1;
				DEVELOPMENT_ASSET_PATHS = "\"landmarks/Preview Content\"";
				DEVELOPMENT_TEAM = FU3KF42AN9;
				ENABLE_PREVIEWS = YES;
				GENERATE_INFOPLIST_FILE = YES;
				INFOPLIST_KEY_UIApplicationSceneManifest_Generation = YES;
				INFOPLIST_KEY_UIApplicationSupportsIndirectInputEvents = YES;
				INFOPLIST_KEY_UILaunchScreen_Generation = YES;
				INFOPLIST_KEY_UISupportedInterfaceOrientations_iPad = "UIInterfaceOrientationPortrait UIInterfaceOrientationPortraitUpsideDown UIInterfaceOrientationLandscapeLeft UIInterfaceOrientationLandscapeRight";
				INFOPLIST_KEY_UISupportedInterfaceOrientations_iPhone = "UIInterfaceOrientationPortrait UIInterfaceOrientationLandscapeLeft UIInterfaceOrientationLandscapeRight";
				LD_RUNPATH_SEARCH_PATHS = (
					"$(inherited)",
					"@executable_path/Frameworks",
				);
				MARKETING_VERSION = 1.0;
				PRODUCT_BUNDLE_IDENTIFIER = com.yaqingteng.landmarks;
				PRODUCT_NAME = "$(TARGET_NAME)";
				SWIFT_EMIT_LOC_STRINGS = YES;
				SWIFT_VERSION = 5.0;
				TARGETED_DEVICE_FAMILY = "1,2";
			};
			name = Debug;
		};
		2580D84D2855DE1F00E6D912 /* Release */ = {
			isa = XCBuildConfiguration;
			buildSettings = {
				ASSETCATALOG_COMPILER_APPICON_NAME = AppIcon;
				ASSETCATALOG_COMPILER_GLOBAL_ACCENT_COLOR_NAME = AccentColor;
				CODE_SIGN_STYLE = Automatic;
				CURRENT_PROJECT_VERSION = 1;
				DEVELOPMENT_ASSET_PATHS = "\"landmarks/Preview Content\"";
				DEVELOPMENT_TEAM = FU3KF42AN9;
				ENABLE_PREVIEWS = YES;
				GENERATE_INFOPLIST_FILE = YES;
				INFOPLIST_KEY_UIApplicationSceneManifest_Generation = YES;
				INFOPLIST_KEY_UIApplicationSupportsIndirectInputEvents = YES;
				INFOPLIST_KEY_UILaunchScreen_Generation = YES;
				INFOPLIST_KEY_UISupportedInterfaceOrientations_iPad = "UIInterfaceOrientationPortrait UIInterfaceOrientationPortraitUpsideDown UIInterfaceOrientationLandscapeLeft UIInterfaceOrientationLandscapeRight";
				INFOPLIST_KEY_UISupportedInterfaceOrientations_iPhone = "UIInterfaceOrientationPortrait UIInterfaceOrientationLandscapeLeft UIInterfaceOrientationLandscapeRight";
				LD_RUNPATH_SEARCH_PATHS = (
					"$(inherited)",
					"@executable_path/Frameworks",
				);
				MARKETING_VERSION = 1.0;
				PRODUCT_BUNDLE_IDENTIFIER = com.yaqingteng.landmarks;
				PRODUCT_NAME = "$(TARGET_NAME)";
				SWIFT_EMIT_LOC_STRINGS = YES;
				SWIFT_VERSION = 5.0;
				TARGETED_DEVICE_FAMILY = "1,2";
			};
			name = Release;
		};
		2580D84F2855DE1F00E6D912 /* Debug */ = {
			isa = XCBuildConfiguration;
			buildSettings = {
				ALWAYS_EMBED_SWIFT_STANDARD_LIBRARIES = YES;
				BUNDLE_LOADER = "$(TEST_HOST)";
				CODE_SIGN_STYLE = Automatic;
				CURRENT_PROJECT_VERSION = 1;
				DEVELOPMENT_TEAM = FU3KF42AN9;
				GENERATE_INFOPLIST_FILE = YES;
				IPHONEOS_DEPLOYMENT_TARGET = 15.5;
				MARKETING_VERSION = 1.0;
				PRODUCT_BUNDLE_IDENTIFIER = com.yaqingteng.landmarksTests;
				PRODUCT_NAME = "$(TARGET_NAME)";
				SWIFT_EMIT_LOC_STRINGS = NO;
				SWIFT_VERSION = 5.0;
				TARGETED_DEVICE_FAMILY = "1,2";
				TEST_HOST = "$(BUILT_PRODUCTS_DIR)/landmarks.app/landmarks";
			};
			name = Debug;
		};
		2580D8502855DE1F00E6D912 /* Release */ = {
			isa = XCBuildConfiguration;
			buildSettings = {
				ALWAYS_EMBED_SWIFT_STANDARD_LIBRARIES = YES;
				BUNDLE_LOADER = "$(TEST_HOST)";
				CODE_SIGN_STYLE = Automatic;
				CURRENT_PROJECT_VERSION = 1;
				DEVELOPMENT_TEAM = FU3KF42AN9;
				GENERATE_INFOPLIST_FILE = YES;
				IPHONEOS_DEPLOYMENT_TARGET = 15.5;
				MARKETING_VERSION = 1.0;
				PRODUCT_BUNDLE_IDENTIFIER = com.yaqingteng.landmarksTests;
				PRODUCT_NAME = "$(TARGET_NAME)";
				SWIFT_EMIT_LOC_STRINGS = NO;
				SWIFT_VERSION = 5.0;
				TARGETED_DEVICE_FAMILY = "1,2";
				TEST_HOST = "$(BUILT_PRODUCTS_DIR)/landmarks.app/landmarks";
			};
			name = Release;
		};
		2580D8522855DE1F00E6D912 /* Debug */ = {
			isa = XCBuildConfiguration;
			buildSettings = {
				ALWAYS_EMBED_SWIFT_STANDARD_LIBRARIES = YES;
				CODE_SIGN_STYLE = Automatic;
				CURRENT_PROJECT_VERSION = 1;
				DEVELOPMENT_TEAM = FU3KF42AN9;
				GENERATE_INFOPLIST_FILE = YES;
				MARKETING_VERSION = 1.0;
				PRODUCT_BUNDLE_IDENTIFIER = com.yaqingteng.landmarksUITests;
				PRODUCT_NAME = "$(TARGET_NAME)";
				SWIFT_EMIT_LOC_STRINGS = NO;
				SWIFT_VERSION = 5.0;
				TARGETED_DEVICE_FAMILY = "1,2";
				TEST_TARGET_NAME = landmarks;
			};
			name = Debug;
		};
		2580D8532855DE1F00E6D912 /* Release */ = {
			isa = XCBuildConfiguration;
			buildSettings = {
				ALWAYS_EMBED_SWIFT_STANDARD_LIBRARIES = YES;
				CODE_SIGN_STYLE = Automatic;
				CURRENT_PROJECT_VERSION = 1;
				DEVELOPMENT_TEAM = FU3KF42AN9;
				GENERATE_INFOPLIST_FILE = YES;
				MARKETING_VERSION = 1.0;
				PRODUCT_BUNDLE_IDENTIFIER = com.yaqingteng.landmarksUITests;
				PRODUCT_NAME = "$(TARGET_NAME)";
				SWIFT_EMIT_LOC_STRINGS = NO;
				SWIFT_VERSION = 5.0;
				TARGETED_DEVICE_FAMILY = "1,2";
				TEST_TARGET_NAME = landmarks;
			};
			name = Release;
		};
/* End XCBuildConfiguration section */

/* Begin XCConfigurationList section */
		2580D8222855DE1C00E6D912 /* Build configuration list for PBXProject "landmarks" */ = {
			isa = XCConfigurationList;
			buildConfigurations = (
				2580D8492855DE1F00E6D912 /* Debug */,
				2580D84A2855DE1F00E6D912 /* Release */,
			);
			defaultConfigurationIsVisible = 0;
			defaultConfigurationName = Release;
		};
		2580D84B2855DE1F00E6D912 /* Build configuration list for PBXNativeTarget "landmarks" */ = {
			isa = XCConfigurationList;
			buildConfigurations = (
				2580D84C2855DE1F00E6D912 /* Debug */,
				2580D84D2855DE1F00E6D912 /* Release */,
			);
			defaultConfigurationIsVisible = 0;
			defaultConfigurationName = Release;
		};
		2580D84E2855DE1F00E6D912 /* Build configuration list for PBXNativeTarget "landmarksTests" */ = {
			isa = XCConfigurationList;
			buildConfigurations = (
				2580D84F2855DE1F00E6D912 /* Debug */,
				2580D8502855DE1F00E6D912 /* Release */,
			);
			defaultConfigurationIsVisible = 0;
			defaultConfigurationName = Release;
		};
		2580D8512855DE1F00E6D912 /* Build configuration list for PBXNativeTarget "landmarksUITests" */ = {
			isa = XCConfigurationList;
			buildConfigurations = (
				2580D8522855DE1F00E6D912 /* Debug */,
				2580D8532855DE1F00E6D912 /* Release */,
			);
			defaultConfigurationIsVisible = 0;
			defaultConfigurationName = Release;
		};
/* End XCConfigurationList section */
	};
	rootObject = 2580D81F2855DE1C00E6D912 /* Project object */;
}
